
Microsoft Visual Studio Solution File, Format Version 12.00
# Visual Studio Version 17
VisualStudioVersion = 17.6.33723.286
MinimumVisualStudioVersion = 10.0.40219.1
Project("{FAE04EC0-301F-11D3-BF4B-00C04F79EFBC}") = "SalesWeb", "SalesWeb\SalesWeb.csproj", "{3424354A-CEE8-49E0-8F7C-92ADD482F398}"
EndProject
Global
	GlobalSection(SolutionConfigurationPlatforms) = preSolution
		Debug|Any CPU = Debug|Any CPU
		Release|Any CPU = Release|Any CPU
	EndGlobalSection
	GlobalSection(ProjectConfigurationPlatforms) = postSolution
		{3424354A-CEE8-49E0-8F7C-92ADD482F398}.Debug|Any CPU.ActiveCfg = Debug|Any CPU
		{3424354A-CEE8-49E0-8F7C-92ADD482F398}.Debug|Any CPU.Build.0 = Debug|Any CPU
		{3424354A-CEE8-49E0-8F7C-92ADD482F398}.Release|Any CPU.ActiveCfg = Release|Any CPU
		{3424354A-CEE8-49E0-8F7C-92ADD482F398}.Release|Any CPU.Build.0 = Release|Any CPU
	EndGlobalSection
	GlobalSection(SolutionProperties) = preSolution
		HideSolutionNode = FALSE
	EndGlobalSection
	GlobalSection(ExtensibilityGlobals) = postSolution
		SolutionGuid = {6994FF56-20C6-4DDD-8415-9D8F16823972}
	EndGlobalSection
EndGlobal
